
Microsoft Visual Studio Solution File, Format Version 12.00
# Visual Studio Version 16
VisualStudioVersion = 16.0.31402.337
MinimumVisualStudioVersion = 10.0.40219.1
Project("{FAE04EC0-301F-11D3-BF4B-00C04F79EFBC}") = "CBT-P", "CBT-P\CBT-P.csproj", "{3F712DD9-3AF2-4936-971B-6D996EDD3846}"
EndProject
Global
	GlobalSection(SolutionConfigurationPlatforms) = preSolution
		Debug|Any CPU = Debug|Any CPU
		Release|Any CPU = Release|Any CPU
	EndGlobalSection
	GlobalSection(ProjectConfigurationPlatforms) = postSolution
		{3F712DD9-3AF2-4936-971B-6D996EDD3846}.Debug|Any CPU.ActiveCfg = Debug|Any CPU
		{3F712DD9-3AF2-4936-971B-6D996EDD3846}.Debug|Any CPU.Build.0 = Debug|Any CPU
		{3F712DD9-3AF2-4936-971B-6D996EDD3846}.Release|Any CPU.ActiveCfg = Release|Any CPU
		{3F712DD9-3AF2-4936-971B-6D996EDD3846}.Release|Any CPU.Build.0 = Release|Any CPU
	EndGlobalSection
	GlobalSection(SolutionProperties) = preSolution
		HideSolutionNode = FALSE
	EndGlobalSection
	GlobalSection(ExtensibilityGlobals) = postSolution
		SolutionGuid = {A2004DF6-EE88-445E-8E51-B04D42BEB625}
	EndGlobalSection
EndGlobal
